
Microsoft Visual Studio Solution File, Format Version 12.00
# Visual Studio 15
VisualStudioVersion = 15.0.27130.2026
MinimumVisualStudioVersion = 10.0.40219.1
Project("{FAE04EC0-301F-11D3-BF4B-00C04F79EFBC}") = "ImageToJPG", "ImageToJPG\ImageToJPG.csproj", "{EA4D20E7-CF10-4ED2-9D52-4E74C688E789}"
EndProject
Global
	GlobalSection(SolutionConfigurationPlatforms) = preSolution
		Debug|Any CPU = Debug|Any CPU
		Release|Any CPU = Release|Any CPU
	EndGlobalSection
	GlobalSection(ProjectConfigurationPlatforms) = postSolution
		{EA4D20E7-CF10-4ED2-9D52-4E74C688E789}.Debug|Any CPU.ActiveCfg = Debug|Any CPU
		{EA4D20E7-CF10-4ED2-9D52-4E74C688E789}.Debug|Any CPU.Build.0 = Debug|Any CPU
		{EA4D20E7-CF10-4ED2-9D52-4E74C688E789}.Release|Any CPU.ActiveCfg = Release|Any CPU
		{EA4D20E7-CF10-4ED2-9D52-4E74C688E789}.Release|Any CPU.Build.0 = Release|Any CPU
	EndGlobalSection
	GlobalSection(SolutionProperties) = preSolution
		HideSolutionNode = FALSE
	EndGlobalSection
	GlobalSection(ExtensibilityGlobals) = postSolution
		SolutionGuid = {6D6671D3-4E25-4C92-AEAD-C87967225AF8}
	EndGlobalSection
EndGlobal
